PODS:
  - FSCalendar (2.8.2)
  - GTSDK (2.5.4.0)
  - SKPhotoBrowser (6.1.0)
  - SwiftMessages (9.0.1):
    - SwiftMessages/App (= 9.0.1)
  - SwiftMessages/App (9.0.1)
  - "UMAnalyticsGame (7.2.5+G)":
    - UMCommon
  - UMAPM (1.1.1)
  - UMCCommonLog (2.0.0)
  - UMCommon (7.2.5):
    - UMDevice
  - UMDevice (1.1.0)
  - URLImage (2.2.3):
    - URLImage/Common (= 2.2.3)
    - URLImage/DownloadManager (= 2.2.3)
    - URLImage/FileIndex (= 2.2.3)
    - URLImage/ImageDecoder (= 2.2.3)
    - URLImage/Log (= 2.2.3)
    - URLImage/PlainDatabase (= 2.2.3)
    - URLImage/RemoteContentView (= 2.2.3)
  - URLImage/Common (2.2.3)
  - URLImage/DownloadManager (2.2.3):
    - URLImage/Log
  - URLImage/FileIndex (2.2.3):
    - URLImage/Common
    - URLImage/Log
    - URLImage/PlainDatabase
  - URLImage/ImageDecoder (2.2.3)
  - URLImage/Log (2.2.3)
  - URLImage/PlainDatabase (2.2.3)
  - URLImage/RemoteContentView (2.2.3)

DEPENDENCIES:
  - FSCalendar (= 2.8.2)
  - GTSDK
  - SKPhotoBrowser
  - SwiftMessages
  - UMAnalyticsGame
  - UMAPM
  - UMCCommonLog
  - UMCommon
  - UMDevice
  - URLImage

SPEC REPOS:
  https://github.com/CocoaPods/Specs.git:
    - FSCalendar
    - GTSDK
    - SKPhotoBrowser
    - SwiftMessages
    - UMAnalyticsGame
    - UMAPM
    - UMCCommonLog
    - UMCommon
    - UMDevice
    - URLImage

SPEC CHECKSUMS:
  FSCalendar: e6a2eb9c571bf0719ed797ef807e08426753c241
  GTSDK: 9ee5e20cd1087eb6f035a49f9cfd12530f6f57f8
  SKPhotoBrowser: 343de95d89dc7913763c5dda243cc6e606e4a168
  SwiftMessages: b71f53eb919887c0273bf43cbc002bd4f0cfb3d6
  UMAnalyticsGame: ec5de1bf631a17eb89203545330a98d92309abdd
  UMAPM: d0623e0b3ca8b1a1df855e0bddb91b5c002d097d
  UMCCommonLog: 9b7ddde5d14a52fc1986ba5ac3121b8b2f433638
  UMCommon: b5aabdb9fad44330ff8738d9bc46ebf93db14bf2
  UMDevice: 28d21a568c8e8322e5a03bbd53b138d0c098d3b3
  URLImage: 1eeb43e09cd736008da21944ba51d433ef41c09d

PODFILE CHECKSUM: cecd5c3c538e26188da02d73d395baccd618e617

COCOAPODS: 1.10.0.beta.1
